// !$*UTF8*$!
{
	archiveVersion = 1;
	classes = {
	};
	objectVersion = 56;
	objects = {

/* Begin PBXBuildFile section */
		EF5003B72AAAF76400DA53C3 /* StocksAppApp.swift in Sources */ = {isa = PBXBuildFile; fileRef = EF5003B62AAAF76400DA53C3 /* StocksAppApp.swift */; };
		EF5003B92AAAF76400DA53C3 /* ContentView.swift in Sources */ = {isa = PBXBuildFile; fileRef = EF5003B82AAAF76400DA53C3 /* ContentView.swift */; };
		EF5003BB2AAAF76700DA53C3 /* Assets.xcassets in Resources */ = {isa = PBXBuildFile; fileRef = EF5003BA2AAAF76700DA53C3 /* Assets.xcassets */; };
		EF5003BE2AAAF76700DA53C3 /* Preview Assets.xcassets in Resources */ = {isa = PBXBuildFile; fileRef = EF5003BD2AAAF76700DA53C3 /* Preview Assets.xcassets */; };
		EF5003C82AAAF76700DA53C3 /* StocksAppTests.swift in Sources */ = {isa = PBXBuildFile; fileRef = EF5003C72AAAF76700DA53C3 /* StocksAppTests.swift */; };
		EF5003D22AAAF76700DA53C3 /* StocksAppUITests.swift in Sources */ = {isa = PBXBuildFile; fileRef = EF5003D12AAAF76700DA53C3 /* StocksAppUITests.swift */; };
		EF5003D42AAAF76700DA53C3 /* StocksAppUITestsLaunchTests.swift in Sources */ = {isa = PBXBuildFile; fileRef = EF5003D32AAAF76700DA53C3 /* StocksAppUITestsLaunchTests.swift */; };
		EF5003E22AAAFCFA00DA53C3 /* Articles.swift in Sources */ = {isa = PBXBuildFile; fileRef = EF5003E12AAAFCFA00DA53C3 /* Articles.swift */; };
		EF5003E42AAAFD0E00DA53C3 /* Stocks.swift in Sources */ = {isa = PBXBuildFile; fileRef = EF5003E32AAAFD0E00DA53C3 /* Stocks.swift */; };
		EF5003E72AAAFD6D00DA53C3 /* NewsViewModel.swift in Sources */ = {isa = PBXBuildFile; fileRef = EF5003E62AAAFD6D00DA53C3 /* NewsViewModel.swift */; };
		EF5003E92AAAFD9D00DA53C3 /* StocksViewModel.swift in Sources */ = {isa = PBXBuildFile; fileRef = EF5003E82AAAFD9D00DA53C3 /* StocksViewModel.swift */; };
		EF5003EB2AAAFE9500DA53C3 /* StocksNewsViewModel.swift in Sources */ = {isa = PBXBuildFile; fileRef = EF5003EA2AAAFE9500DA53C3 /* StocksNewsViewModel.swift */; };
		EF5003F02AAAFF9F00DA53C3 /* StocksView.swift in Sources */ = {isa = PBXBuildFile; fileRef = EF5003EF2AAAFF9F00DA53C3 /* StocksView.swift */; };
		EF5003F22AAAFFAF00DA53C3 /* NewsArticleView.swift in Sources */ = {isa = PBXBuildFile; fileRef = EF5003F12AAAFFAF00DA53C3 /* NewsArticleView.swift */; };
		EFAF0D062AAB49A200482014 /* Stocks.json in Resources */ = {isa = PBXBuildFile; fileRef = EFAF0D052AAB435B00482014 /* Stocks.json */; };
		EFAF0D082AAB578600482014 /* Articles.json in Resources */ = {isa = PBXBuildFile; fileRef = EFAF0D072AAB577A00482014 /* Articles.json */; };
/* End PBXBuildFile section */

/* Begin PBXContainerItemProxy section */
		EF5003C42AAAF76700DA53C3 /* PBXContainerItemProxy */ = {
			isa = PBXContainerItemProxy;
			containerPortal = EF5003AB2AAAF76400DA53C3 /* Project object */;
			proxyType = 1;
			remoteGlobalIDString = EF5003B22AAAF76400DA53C3;
			remoteInfo = StocksApp;
		};
		EF5003CE2AAAF76700DA53C3 /* PBXContainerItemProxy */ = {
			isa = PBXContainerItemProxy;
			containerPortal = EF5003AB2AAAF76400DA53C3 /* Project object */;
			proxyType = 1;
			remoteGlobalIDString = EF5003B22AAAF76400DA53C3;
			remoteInfo = StocksApp;
		};
/* End PBXContainerItemProxy section */

/* Begin PBXFileReference section */
		EF5003B32AAAF76400DA53C3 /* StocksApp.app */ = {isa = PBXFileReference; explicitFileType = wrapper.application; includeInIndex = 0; path = StocksApp.app; sourceTree = BUILT_PRODUCTS_DIR; };
		EF5003B62AAAF76400DA53C3 /* StocksAppApp.swift */ = {isa = PBXFileReference; lastKnownFileType = sourcecode.swift; path = StocksAppApp.swift; sourceTree = "<group>"; };
		EF5003B82AAAF76400DA53C3 /* ContentView.swift */ = {isa = PBXFileReference; lastKnownFileType = sourcecode.swift; path = ContentView.swift; sourceTree = "<group>"; };
		EF5003BA2AAAF76700DA53C3 /* Assets.xcassets */ = {isa = PBXFileReference; lastKnownFileType = folder.assetcatalog; path = Assets.xcassets; sourceTree = "<group>"; };
		EF5003BD2AAAF76700DA53C3 /* Preview Assets.xcassets */ = {isa = PBXFileReference; lastKnownFileType = folder.assetcatalog; path = "Preview Assets.xcassets"; sourceTree = "<group>"; };
		EF5003C32AAAF76700DA53C3 /* StocksAppTests.xctest */ = {isa = PBXFileReference; explicitFileType = wrapper.cfbundle; includeInIndex = 0; path = StocksAppTests.xctest; sourceTree = BUILT_PRODUCTS_DIR; };
		EF5003C72AAAF76700DA53C3 /* StocksAppTests.swift */ = {isa = PBXFileReference; lastKnownFileType = sourcecode.swift; path = StocksAppTests.swift; sourceTree = "<group>"; };
		EF5003CD2AAAF76700DA53C3 /* StocksAppUITests.xctest */ = {isa = PBXFileReference; explicitFileType = wrapper.cfbundle; includeInIndex = 0; path = StocksAppUITests.xctest; sourceTree = BUILT_PRODUCTS_DIR; };
		EF5003D12AAAF76700DA53C3 /* StocksAppUITests.swift */ = {isa = PBXFileReference; lastKnownFileType = sourcecode.swift; path = StocksAppUITests.swift; sourceTree = "<group>"; };
		EF5003D32AAAF76700DA53C3 /* StocksAppUITestsLaunchTests.swift */ = {isa = PBXFileReference; lastKnownFileType = sourcecode.swift; path = StocksAppUITestsLaunchTests.swift; sourceTree = "<group>"; };
		EF5003E12AAAFCFA00DA53C3 /* Articles.swift */ = {isa = PBXFileReference; lastKnownFileType = sourcecode.swift; path = Articles.swift; sourceTree = "<group>"; };
		EF5003E32AAAFD0E00DA53C3 /* Stocks.swift */ = {isa = PBXFileReference; lastKnownFileType = sourcecode.swift; path = Stocks.swift; sourceTree = "<group>"; };
		EF5003E62AAAFD6D00DA53C3 /* NewsViewModel.swift */ = {isa = PBXFileReference; lastKnownFileType = sourcecode.swift; path = NewsViewModel.swift; sourceTree = "<group>"; };
		EF5003E82AAAFD9D00DA53C3 /* StocksViewModel.swift */ = {isa = PBXFileReference; lastKnownFileType = sourcecode.swift; path = StocksViewModel.swift; sourceTree = "<group>"; };
		EF5003EA2AAAFE9500DA53C3 /* StocksNewsViewModel.swift */ = {isa = PBXFileReference; lastKnownFileType = sourcecode.swift; path = StocksNewsViewModel.swift; sourceTree = "<group>"; };
		EF5003EF2AAAFF9F00DA53C3 /* StocksView.swift */ = {isa = PBXFileReference; lastKnownFileType = sourcecode.swift; path = StocksView.swift; sourceTree = "<group>"; };
		EF5003F12AAAFFAF00DA53C3 /* NewsArticleView.swift */ = {isa = PBXFileReference; lastKnownFileType = sourcecode.swift; path = NewsArticleView.swift; sourceTree = "<group>"; };
		EFAF0D052AAB435B00482014 /* Stocks.json */ = {isa = PBXFileReference; lastKnownFileType = text.json; path = Stocks.json; sourceTree = "<group>"; };
		EFAF0D072AAB577A00482014 /* Articles.json */ = {isa = PBXFileReference; lastKnownFileType = text.json; path = Articles.json; sourceTree = "<group>"; };
/* End PBXFileReference section */

/* Begin PBXFrameworksBuildPhase section */
		EF5003B02AAAF76400DA53C3 /* Frameworks */ = {
			isa = PBXFrameworksBuildPhase;
			buildActionMask = 2147483647;
			files = (
			);
			runOnlyForDeploymentPostprocessing = 0;
		};
		EF5003C02AAAF76700DA53C3 /* Frameworks */ = {
			isa = PBXFrameworksBuildPhase;
			buildActionMask = 2147483647;
			files = (
			);
			runOnlyForDeploymentPostprocessing = 0;
		};
		EF5003CA2AAAF76700DA53C3 /* Frameworks */ = {
			isa = PBXFrameworksBuildPhase;
			buildActionMask = 2147483647;
			files = (
			);
			runOnlyForDeploymentPostprocessing = 0;
		};
/* End PBXFrameworksBuildPhase section */

/* Begin PBXGroup section */
		EF5003AA2AAAF76400DA53C3 = {
			isa = PBXGroup;
			children = (
				EF5003B52AAAF76400DA53C3 /* StocksApp */,
				EF5003C62AAAF76700DA53C3 /* StocksAppTests */,
				EF5003D02AAAF76700DA53C3 /* StocksAppUITests */,
				EF5003B42AAAF76400DA53C3 /* Products */,
			);
			sourceTree = "<group>";
		};
		EF5003B42AAAF76400DA53C3 /* Products */ = {
			isa = PBXGroup;
			children = (
				EF5003B32AAAF76400DA53C3 /* StocksApp.app */,
				EF5003C32AAAF76700DA53C3 /* StocksAppTests.xctest */,
				EF5003CD2AAAF76700DA53C3 /* StocksAppUITests.xctest */,
			);
			name = Products;
			sourceTree = "<group>";
		};
		EF5003B52AAAF76400DA53C3 /* StocksApp */ = {
			isa = PBXGroup;
			children = (
				EF5003EC2AAAFF8300DA53C3 /* Views */,
				EF5003E52AAAFD5F00DA53C3 /* ViewModel */,
				EF5003E02AAAFCE800DA53C3 /* Models */,
				EF5003B62AAAF76400DA53C3 /* StocksAppApp.swift */,
				EF5003B82AAAF76400DA53C3 /* ContentView.swift */,
				EF5003BA2AAAF76700DA53C3 /* Assets.xcassets */,
				EF5003BC2AAAF76700DA53C3 /* Preview Content */,
			);
			path = StocksApp;
			sourceTree = "<group>";
		};
		EF5003BC2AAAF76700DA53C3 /* Preview Content */ = {
			isa = PBXGroup;
			children = (
				EF5003BD2AAAF76700DA53C3 /* Preview Assets.xcassets */,
			);
			path = "Preview Content";
			sourceTree = "<group>";
		};
		EF5003C62AAAF76700DA53C3 /* StocksAppTests */ = {
			isa = PBXGroup;
			children = (
				EF5003C72AAAF76700DA53C3 /* StocksAppTests.swift */,
			);
			path = StocksAppTests;
			sourceTree = "<group>";
		};
		EF5003D02AAAF76700DA53C3 /* StocksAppUITests */ = {
			isa = PBXGroup;
			children = (
				EF5003D12AAAF76700DA53C3 /* StocksAppUITests.swift */,
				EF5003D32AAAF76700DA53C3 /* StocksAppUITestsLaunchTests.swift */,
			);
			path = StocksAppUITests;
			sourceTree = "<group>";
		};
		EF5003E02AAAFCE800DA53C3 /* Models */ = {
			isa = PBXGroup;
			children = (
				EF5003E12AAAFCFA00DA53C3 /* Articles.swift */,
				EF5003E32AAAFD0E00DA53C3 /* Stocks.swift */,
			);
			path = Models;
			sourceTree = "<group>";
		};
		EF5003E52AAAFD5F00DA53C3 /* ViewModel */ = {
			isa = PBXGroup;
			children = (
				EF5003E62AAAFD6D00DA53C3 /* NewsViewModel.swift */,
				EF5003E82AAAFD9D00DA53C3 /* StocksViewModel.swift */,
				EF5003EA2AAAFE9500DA53C3 /* StocksNewsViewModel.swift */,
				EFAF0D052AAB435B00482014 /* Stocks.json */,
				EFAF0D072AAB577A00482014 /* Articles.json */,
			);
			path = ViewModel;
			sourceTree = "<group>";
		};
		EF5003EC2AAAFF8300DA53C3 /* Views */ = {
			isa = PBXGroup;
			children = (
				EF5003EF2AAAFF9F00DA53C3 /* StocksView.swift */,
				EF5003F12AAAFFAF00DA53C3 /* NewsArticleView.swift */,
			);
			path = Views;
			sourceTree = "<group>";
		};
/* End PBXGroup section */

/* Begin PBXNativeTarget section */
		EF5003B22AAAF76400DA53C3 /* StocksApp */ = {
			isa = PBXNativeTarget;
			buildConfigurationList = EF5003D72AAAF76700DA53C3 /* Build configuration list for PBXNativeTarget "StocksApp" */;
			buildPhases = (
				EF5003AF2AAAF76400DA53C3 /* Sources */,
				EF5003B02AAAF76400DA53C3 /* Frameworks */,
				EF5003B12AAAF76400DA53C3 /* Resources */,
			);
			buildRules = (
			);
			dependencies = (
			);
			name = StocksApp;
			productName = StocksApp;
			productReference = EF5003B32AAAF76400DA53C3 /* StocksApp.app */;
			productType = "com.apple.product-type.application";
		};
		EF5003C22AAAF76700DA53C3 /* StocksAppTests */ = {
			isa = PBXNativeTarget;
			buildConfigurationList = EF5003DA2AAAF76700DA53C3 /* Build configuration list for PBXNativeTarget "StocksAppTests" */;
			buildPhases = (
				EF5003BF2AAAF76700DA53C3 /* Sources */,
				EF5003C02AAAF76700DA53C3 /* Frameworks */,
				EF5003C12AAAF76700DA53C3 /* Resources */,
			);
			buildRules = (
			);
			dependencies = (
				EF5003C52AAAF76700DA53C3 /* PBXTargetDependency */,
			);
			name = StocksAppTests;
			productName = StocksAppTests;
			productReference = EF5003C32AAAF76700DA53C3 /* StocksAppTests.xctest */;
			productType = "com.apple.product-type.bundle.unit-test";
		};
		EF5003CC2AAAF76700DA53C3 /* StocksAppUITests */ = {
			isa = PBXNativeTarget;
			buildConfigurationList = EF5003DD2AAAF76700DA53C3 /* Build configuration list for PBXNativeTarget "StocksAppUITests" */;
			buildPhases = (
				EF5003C92AAAF76700DA53C3 /* Sources */,
				EF5003CA2AAAF76700DA53C3 /* Frameworks */,
				EF5003CB2AAAF76700DA53C3 /* Resources */,
			);
			buildRules = (
			);
			dependencies = (
				EF5003CF2AAAF76700DA53C3 /* PBXTargetDependency */,
			);
			name = StocksAppUITests;
			productName = StocksAppUITests;
			productReference = EF5003CD2AAAF76700DA53C3 /* StocksAppUITests.xctest */;
			productType = "com.apple.product-type.bundle.ui-testing";
		};
/* End PBXNativeTarget section */

/* Begin PBXProject section */
		EF5003AB2AAAF76400DA53C3 /* Project object */ = {
			isa = PBXProject;
			attributes = {
				BuildIndependentTargetsInParallel = 1;
				LastSwiftUpdateCheck = 1430;
				LastUpgradeCheck = 1430;
				TargetAttributes = {
					EF5003B22AAAF76400DA53C3 = {
						CreatedOnToolsVersion = 14.3;
					};
					EF5003C22AAAF76700DA53C3 = {
						CreatedOnToolsVersion = 14.3;
						TestTargetID = EF5003B22AAAF76400DA53C3;
					};
					EF5003CC2AAAF76700DA53C3 = {
						CreatedOnToolsVersion = 14.3;
						TestTargetID = EF5003B22AAAF76400DA53C3;
					};
				};
			};
			buildConfigurationList = EF5003AE2AAAF76400DA53C3 /* Build configuration list for PBXProject "StocksApp" */;
			compatibilityVersion = "Xcode 14.0";
			developmentRegion = en;
			hasScannedForEncodings = 0;
			knownRegions = (
				en,
				Base,
			);
			mainGroup = EF5003AA2AAAF76400DA53C3;
			productRefGroup = EF5003B42AAAF76400DA53C3 /* Products */;
			projectDirPath = "";
			projectRoot = "";
			targets = (
				EF5003B22AAAF76400DA53C3 /* StocksApp */,
				EF5003C22AAAF76700DA53C3 /* StocksAppTests */,
				EF5003CC2AAAF76700DA53C3 /* StocksAppUITests */,
			);
		};
/* End PBXProject section */

/* Begin PBXResourcesBuildPhase section */
		EF5003B12AAAF76400DA53C3 /* Resources */ = {
			isa = PBXResourcesBuildPhase;
			buildActionMask = 2147483647;
			files = (
				EFAF0D082AAB578600482014 /* Articles.json in Resources */,
				EFAF0D062AAB49A200482014 /* Stocks.json in Resources */,
				EF5003BE2AAAF76700DA53C3 /* Preview Assets.xcassets in Resources */,
				EF5003BB2AAAF76700DA53C3 /* Assets.xcassets in Resources */,
			);
			runOnlyForDeploymentPostprocessing = 0;
		};
		EF5003C12AAAF76700DA53C3 /* Resources */ = {
			isa = PBXResourcesBuildPhase;
			buildActionMask = 2147483647;
			files = (
			);
			runOnlyForDeploymentPostprocessing = 0;
		};
		EF5003CB2AAAF76700DA53C3 /* Resources */ = {
			isa = PBXResourcesBuildPhase;
			buildActionMask = 2147483647;
			files = (
			);
			runOnlyForDeploymentPostprocessing = 0;
		};
/* End PBXResourcesBuildPhase section */

/* Begin PBXSourcesBuildPhase section */
		EF5003AF2AAAF76400DA53C3 /* Sources */ = {
			isa = PBXSourcesBuildPhase;
			buildActionMask = 2147483647;
			files = (
				EF5003F02AAAFF9F00DA53C3 /* StocksView.swift in Sources */,
				EF5003B92AAAF76400DA53C3 /* ContentView.swift in Sources */,
				EF5003E22AAAFCFA00DA53C3 /* Articles.swift in Sources */,
				EF5003EB2AAAFE9500DA53C3 /* StocksNewsViewModel.swift in Sources */,
				EF5003E72AAAFD6D00DA53C3 /* NewsViewModel.swift in Sources */,
				EF5003F22AAAFFAF00DA53C3 /* NewsArticleView.swift in Sources */,
				EF5003E42AAAFD0E00DA53C3 /* Stocks.swift in Sources */,
				EF5003B72AAAF76400DA53C3 /* StocksAppApp.swift in Sources */,
				EF5003E92AAAFD9D00DA53C3 /* StocksViewModel.swift in Sources */,
			);
			runOnlyForDeploymentPostprocessing = 0;
		};
		EF5003BF2AAAF76700DA53C3 /* Sources */ = {
			isa = PBXSourcesBuildPhase;
			buildActionMask = 2147483647;
			files = (
				EF5003C82AAAF76700DA53C3 /* StocksAppTests.swift in Sources */,
			);
			runOnlyForDeploymentPostprocessing = 0;
		};
		EF5003C92AAAF76700DA53C3 /* Sources */ = {
			isa = PBXSourcesBuildPhase;
			buildActionMask = 2147483647;
			files = (
				EF5003D22AAAF76700DA53C3 /* StocksAppUITests.swift in Sources */,
				EF5003D42AAAF76700DA53C3 /* StocksAppUITestsLaunchTests.swift in Sources */,
			);
			runOnlyForDeploymentPostprocessing = 0;
		};
/* End PBXSourcesBuildPhase section */

/* Begin PBXTargetDependency section */
		EF5003C52AAAF76700DA53C3 /* PBXTargetDependency */ = {
			isa = PBXTargetDependency;
			target = EF5003B22AAAF76400DA53C3 /* StocksApp */;
			targetProxy = EF5003C42AAAF76700DA53C3 /* PBXContainerItemProxy */;
		};
		EF5003CF2AAAF76700DA53C3 /* PBXTargetDependency */ = {
			isa = PBXTargetDependency;
			target = EF5003B22AAAF76400DA53C3 /* StocksApp */;
			targetProxy = EF5003CE2AAAF76700DA53C3 /* PBXContainerItemProxy */;
		};
/* End PBXTargetDependency section */

/* Begin XCBuildConfiguration section */
		EF5003D52AAAF76700DA53C3 /* Debug */ = {
			isa = XCBuildConfiguration;
			buildSettings = {
				ALWAYS_SEARCH_USER_PATHS = NO;
				CLANG_ANALYZER_NONNULL = YES;
				CLANG_ANALYZER_NUMBER_OBJECT_CONVERSION = YES_AGGRESSIVE;
				CLANG_CXX_LANGUAGE_STANDARD = "gnu++20";
				CLANG_ENABLE_MODULES = YES;
				CLANG_ENABLE_OBJC_ARC = YES;
				CLANG_ENABLE_OBJC_WEAK = YES;
				CLANG_WARN_BLOCK_CAPTURE_AUTORELEASING = YES;
				CLANG_WARN_BOOL_CONVERSION = YES;
				CLANG_WARN_COMMA = YES;
				CLANG_WARN_CONSTANT_CONVERSION = YES;
				CLANG_WARN_DEPRECATED_OBJC_IMPLEMENTATIONS = YES;
				CLANG_WARN_DIRECT_OBJC_ISA_USAGE = YES_ERROR;
				CLANG_WARN_DOCUMENTATION_COMMENTS = YES;
				CLANG_WARN_EMPTY_BODY = YES;
				CLANG_WARN_ENUM_CONVERSION = YES;
				CLANG_WARN_INFINITE_RECURSION = YES;
				CLANG_WARN_INT_CONVERSION = YES;
				CLANG_WARN_NON_LITERAL_NULL_CONVERSION = YES;
				CLANG_WARN_OBJC_IMPLICIT_RETAIN_SELF = YES;
				CLANG_WARN_OBJC_LITERAL_CONVERSION = YES;
				CLANG_WARN_OBJC_ROOT_CLASS = YES_ERROR;
				CLANG_WARN_QUOTED_INCLUDE_IN_FRAMEWORK_HEADER = YES;
				CLANG_WARN_RANGE_LOOP_ANALYSIS = YES;
				CLANG_WARN_STRICT_PROTOTYPES = YES;
				CLANG_WARN_SUSPICIOUS_MOVE = YES;
				CLANG_WARN_UNGUARDED_AVAILABILITY = YES_AGGRESSIVE;
				CLANG_WARN_UNREACHABLE_CODE = YES;
				CLANG_WARN__DUPLICATE_METHOD_MATCH = YES;
				COPY_PHASE_STRIP = NO;
				DEBUG_INFORMATION_FORMAT = dwarf;
				ENABLE_STRICT_OBJC_MSGSEND = YES;
				ENABLE_TESTABILITY = YES;
				GCC_C_LANGUAGE_STANDARD = gnu11;
				GCC_DYNAMIC_NO_PIC = NO;
				GCC_NO_COMMON_BLOCKS = YES;
				GCC_OPTIMIZATION_LEVEL = 0;
				GCC_PREPROCESSOR_DEFINITIONS = (
					"DEBUG=1",
					"$(inherited)",
				);
				GCC_WARN_64_TO_32_BIT_CONVERSION = YES;
				GCC_WARN_ABOUT_RETURN_TYPE = YES_ERROR;
				GCC_WARN_UNDECLARED_SELECTOR = YES;
				GCC_WARN_UNINITIALIZED_AUTOS = YES_AGGRESSIVE;
				GCC_WARN_UNUSED_FUNCTION = YES;
				GCC_WARN_UNUSED_VARIABLE = YES;
				IPHONEOS_DEPLOYMENT_TARGET = 17.0;
				MTL_ENABLE_DEBUG_INFO = INCLUDE_SOURCE;
				MTL_FAST_MATH = YES;
				ONLY_ACTIVE_ARCH = YES;
				SDKROOT = iphoneos;
				SWIFT_ACTIVE_COMPILATION_CONDITIONS = DEBUG;
				SWIFT_OPTIMIZATION_LEVEL = "-Onone";
			};
			name = Debug;
		};
		EF5003D62AAAF76700DA53C3 /* Release */ = {
			isa = XCBuildConfiguration;
			buildSettings = {
				ALWAYS_SEARCH_USER_PATHS = NO;
				CLANG_ANALYZER_NONNULL = YES;
				CLANG_ANALYZER_NUMBER_OBJECT_CONVERSION = YES_AGGRESSIVE;
				CLANG_CXX_LANGUAGE_STANDARD = "gnu++20";
				CLANG_ENABLE_MODULES = YES;
				CLANG_ENABLE_OBJC_ARC = YES;
				CLANG_ENABLE_OBJC_WEAK = YES;
				CLANG_WARN_BLOCK_CAPTURE_AUTORELEASING = YES;
				CLANG_WARN_BOOL_CONVERSION = YES;
				CLANG_WARN_COMMA = YES;
				CLANG_WARN_CONSTANT_CONVERSION = YES;
				CLANG_WARN_DEPRECATED_OBJC_IMPLEMENTATIONS = YES;
				CLANG_WARN_DIRECT_OBJC_ISA_USAGE = YES_ERROR;
				CLANG_WARN_DOCUMENTATION_COMMENTS = YES;
				CLANG_WARN_EMPTY_BODY = YES;
				CLANG_WARN_ENUM_CONVERSION = YES;
				CLANG_WARN_INFINITE_RECURSION = YES;
				CLANG_WARN_INT_CONVERSION = YES;
				CLANG_WARN_NON_LITERAL_NULL_CONVERSION = YES;
				CLANG_WARN_OBJC_IMPLICIT_RETAIN_SELF = YES;
				CLANG_WARN_OBJC_LITERAL_CONVERSION = YES;
				CLANG_WARN_OBJC_ROOT_CLASS = YES_ERROR;
				CLANG_WARN_QUOTED_INCLUDE_IN_FRAMEWORK_HEADER = YES;
				CLANG_WARN_RANGE_LOOP_ANALYSIS = YES;
				CLANG_WARN_STRICT_PROTOTYPES = YES;
				CLANG_WARN_SUSPICIOUS_MOVE = YES;
				CLANG_WARN_UNGUARDED_AVAILABILITY = YES_AGGRESSIVE;
				CLANG_WARN_UNREACHABLE_CODE = YES;
				CLANG_WARN__DUPLICATE_METHOD_MATCH = YES;
				COPY_PHASE_STRIP = NO;
				DEBUG_INFORMATION_FORMAT = "dwarf-with-dsym";
				ENABLE_NS_ASSERTIONS = NO;
				ENABLE_STRICT_OBJC_MSGSEND = YES;
				GCC_C_LANGUAGE_STANDARD = gnu11;
				GCC_NO_COMMON_BLOCKS = YES;
				GCC_WARN_64_TO_32_BIT_CONVERSION = YES;
				GCC_WARN_ABOUT_RETURN_TYPE = YES_ERROR;
				GCC_WARN_UNDECLARED_SELECTOR = YES;
				GCC_WARN_UNINITIALIZED_AUTOS = YES_AGGRESSIVE;
				GCC_WARN_UNUSED_FUNCTION = YES;
				GCC_WARN_UNUSED_VARIABLE = YES;
				IPHONEOS_DEPLOYMENT_TARGET = 17.0;
				MTL_ENABLE_DEBUG_INFO = NO;
				MTL_FAST_MATH = YES;
				SDKROOT = iphoneos;
				SWIFT_COMPILATION_MODE = wholemodule;
				SWIFT_OPTIMIZATION_LEVEL = "-O";
				VALIDATE_PRODUCT = YES;
			};
			name = Release;
		};
		EF5003D82AAAF76700DA53C3 /* Debug */ = {
			isa = XCBuildConfiguration;
			buildSettings = {
				ASSETCATALOG_COMPILER_APPICON_NAME = AppIcon;
				ASSETCATALOG_COMPILER_GLOBAL_ACCENT_COLOR_NAME = AccentColor;
				CODE_SIGN_STYLE = Automatic;
				CURRENT_PROJECT_VERSION = 1;
				DEVELOPMENT_ASSET_PATHS = "\"StocksApp/Preview Content\"";
				ENABLE_PREVIEWS = YES;
				GENERATE_INFOPLIST_FILE = YES;
				INFOPLIST_KEY_UIApplicationSceneManifest_Generation = YES;
				INFOPLIST_KEY_UIApplicationSupportsIndirectInputEvents = YES;
				INFOPLIST_KEY_UILaunchScreen_Generation = YES;
				INFOPLIST_KEY_UISupportedInterfaceOrientations_iPad = "UIInterfaceOrientationPortrait UIInterfaceOrientationPortraitUpsideDown UIInterfaceOrientationLandscapeLeft UIInterfaceOrientationLandscapeRight";
				INFOPLIST_KEY_UISupportedInterfaceOrientations_iPhone = "UIInterfaceOrientationPortrait UIInterfaceOrientationLandscapeLeft UIInterfaceOrientationLandscapeRight";
				LD_RUNPATH_SEARCH_PATHS = (
					"$(inherited)",
					"@executable_path/Frameworks",
				);
				MARKETING_VERSION = 1.0;
				PRODUCT_BUNDLE_IDENTIFIER = com.snehal.StocksApp;
				PRODUCT_NAME = "$(TARGET_NAME)";
				SWIFT_EMIT_LOC_STRINGS = YES;
				SWIFT_VERSION = 5.0;
				TARGETED_DEVICE_FAMILY = "1,2";
			};
			name = Debug;
		};
		EF5003D92AAAF76700DA53C3 /* Release */ = {
			isa = XCBuildConfiguration;
			buildSettings = {
				ASSETCATALOG_COMPILER_APPICON_NAME = AppIcon;
				ASSETCATALOG_COMPILER_GLOBAL_ACCENT_COLOR_NAME = AccentColor;
				CODE_SIGN_STYLE = Automatic;
				CURRENT_PROJECT_VERSION = 1;
				DEVELOPMENT_ASSET_PATHS = "\"StocksApp/Preview Content\"";
				ENABLE_PREVIEWS = YES;
				GENERATE_INFOPLIST_FILE = YES;
				INFOPLIST_KEY_UIApplicationSceneManifest_Generation = YES;
				INFOPLIST_KEY_UIApplicationSupportsIndirectInputEvents = YES;
				INFOPLIST_KEY_UILaunchScreen_Generation = YES;
				INFOPLIST_KEY_UISupportedInterfaceOrientations_iPad = "UIInterfaceOrientationPortrait UIInterfaceOrientationPortraitUpsideDown UIInterfaceOrientationLandscapeLeft UIInterfaceOrientationLandscapeRight";
				INFOPLIST_KEY_UISupportedInterfaceOrientations_iPhone = "UIInterfaceOrientationPortrait UIInterfaceOrientationLandscapeLeft UIInterfaceOrientationLandscapeRight";
				LD_RUNPATH_SEARCH_PATHS = (
					"$(inherited)",
					"@executable_path/Frameworks",
				);
				MARKETING_VERSION = 1.0;
				PRODUCT_BUNDLE_IDENTIFIER = com.snehal.StocksApp;
				PRODUCT_NAME = "$(TARGET_NAME)";
				SWIFT_EMIT_LOC_STRINGS = YES;
				SWIFT_VERSION = 5.0;
				TARGETED_DEVICE_FAMILY = "1,2";
			};
			name = Release;
		};
		EF5003DB2AAAF76700DA53C3 /* Debug */ = {
			isa = XCBuildConfiguration;
			buildSettings = {
				ALWAYS_EMBED_SWIFT_STANDARD_LIBRARIES = YES;
				BUNDLE_LOADER = "$(TEST_HOST)";
				CODE_SIGN_STYLE = Automatic;
				CURRENT_PROJECT_VERSION = 1;
				GENERATE_INFOPLIST_FILE = YES;
				IPHONEOS_DEPLOYMENT_TARGET = 16.4;
				MARKETING_VERSION = 1.0;
				PRODUCT_BUNDLE_IDENTIFIER = com.snehal.StocksAppTests;
				PRODUCT_NAME = "$(TARGET_NAME)";
				SWIFT_EMIT_LOC_STRINGS = NO;
				SWIFT_VERSION = 5.0;
				TARGETED_DEVICE_FAMILY = "1,2";
				TEST_HOST = "$(BUILT_PRODUCTS_DIR)/StocksApp.app/$(BUNDLE_EXECUTABLE_FOLDER_PATH)/StocksApp";
			};
			name = Debug;
		};
		EF5003DC2AAAF76700DA53C3 /* Release */ = {
			isa = XCBuildConfiguration;
			buildSettings = {
				ALWAYS_EMBED_SWIFT_STANDARD_LIBRARIES = YES;
				BUNDLE_LOADER = "$(TEST_HOST)";
				CODE_SIGN_STYLE = Automatic;
				CURRENT_PROJECT_VERSION = 1;
				GENERATE_INFOPLIST_FILE = YES;
				IPHONEOS_DEPLOYMENT_TARGET = 16.4;
				MARKETING_VERSION = 1.0;
				PRODUCT_BUNDLE_IDENTIFIER = com.snehal.StocksAppTests;
				PRODUCT_NAME = "$(TARGET_NAME)";
				SWIFT_EMIT_LOC_STRINGS = NO;
				SWIFT_VERSION = 5.0;
				TARGETED_DEVICE_FAMILY = "1,2";
				TEST_HOST = "$(BUILT_PRODUCTS_DIR)/StocksApp.app/$(BUNDLE_EXECUTABLE_FOLDER_PATH)/StocksApp";
			};
			name = Release;
		};
		EF5003DE2AAAF76700DA53C3 /* Debug */ = {
			isa = XCBuildConfiguration;
			buildSettings = {
				ALWAYS_EMBED_SWIFT_STANDARD_LIBRARIES = YES;
				CODE_SIGN_STYLE = Automatic;
				CURRENT_PROJECT_VERSION = 1;
				GENERATE_INFOPLIST_FILE = YES;
				MARKETING_VERSION = 1.0;
				PRODUCT_BUNDLE_IDENTIFIER = com.snehal.StocksAppUITests;
				PRODUCT_NAME = "$(TARGET_NAME)";
				SWIFT_EMIT_LOC_STRINGS = NO;
				SWIFT_VERSION = 5.0;
				TARGETED_DEVICE_FAMILY = "1,2";
				TEST_TARGET_NAME = StocksApp;
			};
			name = Debug;
		};
		EF5003DF2AAAF76700DA53C3 /* Release */ = {
			isa = XCBuildConfiguration;
			buildSettings = {
				ALWAYS_EMBED_SWIFT_STANDARD_LIBRARIES = YES;
				CODE_SIGN_STYLE = Automatic;
				CURRENT_PROJECT_VERSION = 1;
				GENERATE_INFOPLIST_FILE = YES;
				MARKETING_VERSION = 1.0;
				PRODUCT_BUNDLE_IDENTIFIER = com.snehal.StocksAppUITests;
				PRODUCT_NAME = "$(TARGET_NAME)";
				SWIFT_EMIT_LOC_STRINGS = NO;
				SWIFT_VERSION = 5.0;
				TARGETED_DEVICE_FAMILY = "1,2";
				TEST_TARGET_NAME = StocksApp;
			};
			name = Release;
		};
/* End XCBuildConfiguration section */

/* Begin XCConfigurationList section */
		EF5003AE2AAAF76400DA53C3 /* Build configuration list for PBXProject "StocksApp" */ = {
			isa = XCConfigurationList;
			buildConfigurations = (
				EF5003D52AAAF76700DA53C3 /* Debug */,
				EF5003D62AAAF76700DA53C3 /* Release */,
			);
			defaultConfigurationIsVisible = 0;
			defaultConfigurationName = Release;
		};
		EF5003D72AAAF76700DA53C3 /* Build configuration list for PBXNativeTarget "StocksApp" */ = {
			isa = XCConfigurationList;
			buildConfigurations = (
				EF5003D82AAAF76700DA53C3 /* Debug */,
				EF5003D92AAAF76700DA53C3 /* Release */,
			);
			defaultConfigurationIsVisible = 0;
			defaultConfigurationName = Release;
		};
		EF5003DA2AAAF76700DA53C3 /* Build configuration list for PBXNativeTarget "StocksAppTests" */ = {
			isa = XCConfigurationList;
			buildConfigurations = (
				EF5003DB2AAAF76700DA53C3 /* Debug */,
				EF5003DC2AAAF76700DA53C3 /* Release */,
			);
			defaultConfigurationIsVisible = 0;
			defaultConfigurationName = Release;
		};
		EF5003DD2AAAF76700DA53C3 /* Build configuration list for PBXNativeTarget "StocksAppUITests" */ = {
			isa = XCConfigurationList;
			buildConfigurations = (
				EF5003DE2AAAF76700DA53C3 /* Debug */,
				EF5003DF2AAAF76700DA53C3 /* Release */,
			);
			defaultConfigurationIsVisible = 0;
			defaultConfigurationName = Release;
		};
/* End XCConfigurationList section */
	};
	rootObject = EF5003AB2AAAF76400DA53C3 /* Project object */;
}
